Microsoft Visual Studio Solution File, Format Version 12.00
# Visual Studio Version 17
VisualStudioVersion = 17.5.2.0
MinimumVisualStudioVersion = 10.0.40219.1
Project("{FAE04EC0-301F-11D3-BF4B-00C04F79EFBC}") = "PatientManagementSystem.API", "PatientManagementSystem.API\PatientManagementSystem.API.csproj", "{EEA94708-77F5-6F3E-C915-8884CC065B3B}"
EndProject
Project("{FAE04EC0-301F-11D3-BF4B-00C04F79EFBC}") = "PatientManagementSystem.UI", "PatientManagementSystem.UI\PatientManagementSystem.UI.csproj", "{D9BE6F9A-8C3B-5C07-F5BA-98A3B47C4FDE}"
EndProject
Global
	GlobalSection(SolutionConfigurationPlatforms) = preSolution
		Debug|Any CPU = Debug|Any CPU
		Release|Any CPU = Release|Any CPU
	EndGlobalSection
	GlobalSection(ProjectConfigurationPlatforms) = postSolution
		{EEA94708-77F5-6F3E-C915-8884CC065B3B}.Debug|Any CPU.ActiveCfg = Debug|Any CPU
		{EEA94708-77F5-6F3E-C915-8884CC065B3B}.Debug|Any CPU.Build.0 = Debug|Any CPU
		{EEA94708-77F5-6F3E-C915-8884CC065B3B}.Release|Any CPU.ActiveCfg = Release|Any CPU
		{EEA94708-77F5-6F3E-C915-8884CC065B3B}.Release|Any CPU.Build.0 = Release|Any CPU
		{D9BE6F9A-8C3B-5C07-F5BA-98A3B47C4FDE}.Debug|Any CPU.ActiveCfg = Debug|Any CPU
		{D9BE6F9A-8C3B-5C07-F5BA-98A3B47C4FDE}.Debug|Any CPU.Build.0 = Debug|Any CPU
		{D9BE6F9A-8C3B-5C07-F5BA-98A3B47C4FDE}.Release|Any CPU.ActiveCfg = Release|Any CPU
		{D9BE6F9A-8C3B-5C07-F5BA-98A3B47C4FDE}.Release|Any CPU.Build.0 = Release|Any CPU
	EndGlobalSection
	GlobalSection(SolutionProperties) = preSolution
		HideSolutionNode = FALSE
	EndGlobalSection
	GlobalSection(ExtensibilityGlobals) = postSolution
		SolutionGuid = {51CB1725-2F3F-435C-8366-F17D1F1E1FDF}
	EndGlobalSection
EndGlobal
